[[package]]
name = "aiocontextvars"
version = "0.2.2"
description = "Asyncio support for PEP-567 contextvars backport."
category = "main"
optional = false
python-versions = ">=3.5"

[[package]]
name = "aiohttp"
version = "3.7.4.post0"
description = "Async http client/server framework (asyncio)"
category = "main"
optional = false
python-versions = ">=3.6"

[package.dependencies]
async-timeout = ">=3.0,<4.0"
attrs = ">=17.3.0"
chardet = ">=2.0,<5.0"
multidict = ">=4.5,<7.0"
typing-extensions = ">=3.6.5"
yarl = ">=1.0,<2.0"

[package.extras]
speedups = ["aiodns", "brotlipy", "cchardet"]

[[package]]
name = "anyio"
version = "3.5.0"
description = "High level compatibility layer for multiple asynchronous event loop implementations"
category = "main"
optional = false
python-versions = ">=3.6.2"

[package.dependencies]
idna = ">=2.8"
sniffio = ">=1.1"

[package.extras]
doc = ["packaging", "sphinx-rtd-theme", "sphinx-autodoc-typehints (>=1.2.0)"]
test = ["coverage[toml] (>=4.5)", "hypothesis (>=4.0)", "pytest (>=6.0)", "pytest-mock (>=3.6.1)", "trustme", "contextlib2", "uvloop (<0.15)", "mock (>=4)", "uvloop (>=0.15)"]
trio = ["trio (>=0.16)"]

[[package]]
name = "async-timeout"
version = "3.0.1"
description = "Timeout context manager for asyncio programs"
category = "main"
optional = false
python-versions = ">=3.5.3"

[[package]]
name = "asyncpg"
version = "0.25.0"
description = "An asyncio PostgreSQL driver"
category = "main"
optional = false
python-versions = ">=3.6.0"

[package.extras]
dev = ["Cython (>=0.29.24,<0.30.0)", "pytest (>=6.0)", "Sphinx (>=4.1.2,<4.2.0)", "sphinxcontrib-asyncio (>=0.3.0,<0.4.0)", "sphinx-rtd-theme (>=0.5.2,<0.6.0)", "pycodestyle (>=2.7.0,<2.8.0)", "flake8 (>=3.9.2,<3.10.0)", "uvloop (>=0.15.3)"]
docs = ["Sphinx (>=4.1.2,<4.2.0)", "sphinxcontrib-asyncio (>=0.3.0,<0.4.0)", "sphinx-rtd-theme (>=0.5.2,<0.6.0)"]
test = ["pycodestyle (>=2.7.0,<2.8.0)", "flake8 (>=3.9.2,<3.10.0)", "uvloop (>=0.15.3)"]

[[package]]
name = "attrs"
version = "20.2.0"
description = "Classes Without Boilerplate"
category = "main"
optional = false
python-versions = ">=2.7, !=3.0.*, !=3.1.*, !=3.2.*, !=3.3.*"

[package.extras]
dev = ["coverage[toml] (>=5.0.2)", "hypothesis", "pympler", "pytest (>=4.3.0)", "six", "zope.interface", "sphinx", "sphinx-rtd-theme", "pre-commit"]
docs = ["sphinx", "sphinx-rtd-theme", "zope.interface"]
tests = ["coverage[toml] (>=5.0.2)", "hypothesis", "pympler", "pytest (>=4.3.0)", "six", "zope.interface"]
tests_no_zope = ["coverage[toml] (>=5.0.2)", "hypothesis", "pympler", "pytest (>=4.3.0)", "six"]

[[package]]
name = "bandit"
version = "1.7.4"
description = "Security oriented static analyser for python code."
category = "dev"
optional = false
python-versions = ">=3.7"

[package.dependencies]
colorama = {version = ">=0.3.9", markers = "platform_system == \"Windows\""}
GitPython = ">=1.0.1"
PyYAML = ">=5.3.1"
stevedore = ">=1.20.0"

[package.extras]
test = ["coverage (>=4.5.4)", "fixtures (>=3.0.0)", "flake8 (>=4.0.0)", "stestr (>=2.5.0)", "testscenarios (>=0.5.0)", "testtools (>=2.3.0)", "toml", "beautifulsoup4 (>=4.8.0)", "pylint (==1.9.4)"]
toml = ["toml"]
yaml = ["pyyaml"]

[[package]]
name = "beautifulsoup4"
version = "4.9.3"
description = "Screen-scraping library"
category = "main"
optional = false
python-versions = "*"

[package.dependencies]
soupsieve = {version = ">1.2", markers = "python_version >= \"3.0\""}

[package.extras]
html5lib = ["html5lib"]
lxml = ["lxml"]

[[package]]
name = "certifi"
version = "2020.6.20"
description = "Python package for providing Mozilla's CA Bundle."
category = "main"
optional = false
python-versions = "*"

[[package]]
name = "chardet"
version = "3.0.4"
description = "Universal encoding detector for Python 2 and 3"
category = "main"
optional = false
python-versions = "*"

[[package]]
name = "charset-normalizer"
version = "2.0.10"
description = "The Real First Universal Charset Detector. Open, modern and actively maintained alternative to Chardet."
category = "main"
optional = false
python-versions = ">=3.5.0"

[package.extras]
unicode_backport = ["unicodedata2"]

[[package]]
name = "colorama"
version = "0.4.4"
description = "Cross-platform colored terminal text."
category = "dev"
optional = false
python-versions = ">=2.7, !=3.0.*, !=3.1.*, !=3.2.*, !=3.3.*, !=3.4.*"

[[package]]
name = "discord.py"
version = "1.7.3"
description = "A Python wrapper for the Discord API"
category = "main"
optional = false
python-versions = ">=3.5.3"

[package.dependencies]
aiohttp = ">=3.6.0,<3.8.0"

[package.extras]
docs = ["sphinx (==3.0.3)", "sphinxcontrib-trio (==1.1.2)", "sphinxcontrib-websupport"]
voice = ["PyNaCl (>=1.3.0,<1.5)"]

[[package]]
name = "flake8"
version = "4.0.1"
description = "the modular source code checker: pep8 pyflakes and co"
category = "dev"
optional = false
python-versions = ">=3.6"

[package.dependencies]
mccabe = ">=0.6.0,<0.7.0"
pycodestyle = ">=2.8.0,<2.9.0"
pyflakes = ">=2.4.0,<2.5.0"

[[package]]
name = "flake8-bandit"
version = "3.0.0"
description = "Automated security testing with bandit and flake8."
category = "dev"
optional = false
python-versions = ">=3.6"

[package.dependencies]
bandit = ">=1.7.3"
flake8 = "*"
flake8-polyfill = "*"
pycodestyle = "*"

[[package]]
name = "flake8-bugbear"
version = "22.4.25"
description = "A plugin for flake8 finding likely bugs and design problems in your program. Contains warnings that don't belong in pyflakes and pycodestyle."
category = "dev"
optional = false
python-versions = ">=3.6"

[package.dependencies]
attrs = ">=19.2.0"
flake8 = ">=3.0.0"

[package.extras]
dev = ["coverage", "hypothesis", "hypothesmith (>=0.2)", "pre-commit"]

[[package]]
name = "flake8-formatter-junit-xml"
version = "0.0.6"
description = "JUnit XML Formatter for flake8"
category = "dev"
optional = false
python-versions = "*"

[package.dependencies]
flake8 = ">3.0.0"
junit-xml = ">=1.8"

[[package]]
name = "flake8-import-order"
version = "0.18.1"
description = "Flake8 and pylama plugin that checks the ordering of import statements."
category = "dev"
optional = false
python-versions = "*"

[package.dependencies]
pycodestyle = "*"

[[package]]
name = "flake8-polyfill"
version = "1.0.2"
description = "Polyfill package for Flake8 plugins"
category = "dev"
optional = false
python-versions = "*"

[package.dependencies]
flake8 = "*"

[[package]]
name = "flake8-string-format"
version = "0.3.0"
description = "string format checker, plugin for flake8"
category = "dev"
optional = false
python-versions = "*"

[package.dependencies]
flake8 = "*"

[[package]]
name = "flake8-tidy-imports"
version = "4.8.0"
description = "A flake8 plugin that helps you write tidier imports."
category = "dev"
optional = false
python-versions = ">=3.7"

[package.dependencies]
flake8 = ">=3.8.0"

[[package]]
name = "flake8-todo"
version = "0.7"
description = "TODO notes checker, plugin for flake8"
category = "dev"
optional = false
python-versions = "*"

[package.dependencies]
pycodestyle = ">=2.0.0,<3.0.0"

[[package]]
name = "gitdb"
version = "4.0.5"
description = "Git Object Database"
category = "main"
optional = false
python-versions = ">=3.4"

[package.dependencies]
smmap = ">=3.0.1,<4"

[[package]]
name = "gitpython"
version = "3.1.27"
description = "GitPython is a python library used to interact with Git repositories"
category = "main"
optional = false
python-versions = ">=3.7"

[package.dependencies]
gitdb = ">=4.0.1,<5"

[[package]]
name = "h11"
version = "0.11.0"
description = "A pure-Python, bring-your-own-I/O implementation of HTTP/1.1"
category = "main"
optional = false
python-versions = "*"

[[package]]
name = "html2markdown"
version = "0.1.7"
description = "Conservatively convert html to markdown"
category = "main"
optional = false
python-versions = "*"

[package.dependencies]
beautifulsoup4 = "*"

[[package]]
name = "httpcore"
version = "0.14.5"
description = "A minimal low-level HTTP client."
category = "main"
optional = false
python-versions = ">=3.6"

[package.dependencies]
anyio = ">=3.0.0,<4.0.0"
certifi = "*"
h11 = ">=0.11,<0.13"
sniffio = ">=1.0.0,<2.0.0"

[package.extras]
http2 = ["h2 (>=3,<5)"]
socks = ["socksio (>=1.0.0,<2.0.0)"]

[[package]]
name = "httpx"
version = "0.22.0"
description = "The next generation HTTP client."
category = "main"
optional = false
python-versions = ">=3.6"

[package.dependencies]
certifi = "*"
charset-normalizer = "*"
httpcore = ">=0.14.5,<0.15.0"
rfc3986 = {version = ">=1.3,<2", extras = ["idna2008"]}
sniffio = "*"

[package.extras]
brotli = ["brotlicffi", "brotli"]
cli = ["click (>=8.0.0,<9.0.0)", "rich (>=10.0.0,<11.0.0)", "pygments (>=2.0.0,<3.0.0)"]
http2 = ["h2 (>=3,<5)"]
socks = ["socksio (>=1.0.0,<2.0.0)"]

[[package]]
name = "idna"
version = "2.10"
description = "Internationalized Domain Names in Applications (IDNA)"
category = "main"
optional = false
python-versions = ">=2.7, !=3.0.*, !=3.1.*, !=3.2.*, !=3.3.*"

[[package]]
name = "junit-xml"
version = "1.9"
description = "Creates JUnit XML test result documents that can be read by tools such as Jenkins"
category = "dev"
optional = false
python-versions = "*"

[package.dependencies]
six = "*"

[[package]]
name = "mccabe"
version = "0.6.1"
description = "McCabe checker, plugin for flake8"
category = "dev"
optional = false
python-versions = "*"

[[package]]
name = "multidict"
version = "4.7.6"
description = "multidict implementation"
category = "main"
optional = false
python-versions = ">=3.5"

[[package]]
name = "pbr"
version = "5.5.1"
description = "Python Build Reasonableness"
category = "dev"
optional = false
python-versions = ">=2.6"

[[package]]
name = "pillow"
version = "8.1.2"
description = "Python Imaging Library (Fork)"
category = "main"
optional = false
python-versions = ">=3.6"

[[package]]
name = "pycodestyle"
version = "2.8.0"
description = "Python style guide checker"
category = "dev"
optional = false
python-versions = ">=2.7, !=3.0.*, !=3.1.*, !=3.2.*, !=3.3.*, !=3.4.*"

[[package]]
name = "pyflakes"
version = "2.4.0"
description = "passive checker of Python programs"
category = "dev"
optional = false
python-versions = ">=2.7, !=3.0.*, !=3.1.*, !=3.2.*, !=3.3.*"

[[package]]
name = "python-dateutil"
version = "2.8.2"
description = "Extensions to the standard Python datetime module"
category = "main"
optional = false
python-versions = "!=3.0.*,!=3.1.*,!=3.2.*,>=2.7"

[package.dependencies]
six = ">=1.5"

[[package]]
name = "pyyaml"
version = "5.4"
description = "YAML parser and emitter for Python"
category = "dev"
optional = false
python-versions = ">=2.7, !=3.0.*, !=3.1.*, !=3.2.*, !=3.3.*, !=3.4.*, !=3.5.*"

[[package]]
name = "rfc3986"
version = "1.5.0"
description = "Validating URI References per RFC 3986"
category = "main"
optional = false
python-versions = "*"

[package.dependencies]
idna = {version = "*", optional = true, markers = "extra == \"idna2008\""}

[package.extras]
idna2008 = ["idna"]

[[package]]
name = "sentry-sdk"
version = "1.7.0"
description = "Python client for Sentry (https://sentry.io)"
category = "main"
optional = false
python-versions = "*"

[package.dependencies]
certifi = "*"
urllib3 = ">=1.10.0"

[package.extras]
aiohttp = ["aiohttp (>=3.5)"]
beam = ["apache-beam (>=2.12)"]
bottle = ["bottle (>=0.12.13)"]
celery = ["celery (>=3)"]
chalice = ["chalice (>=1.16.0)"]
django = ["django (>=1.8)"]
falcon = ["falcon (>=1.4)"]
flask = ["flask (>=0.11)", "blinker (>=1.1)"]
httpx = ["httpx (>=0.16.0)"]
pure_eval = ["pure-eval", "executing", "asttokens"]
pyspark = ["pyspark (>=2.4.4)"]
quart = ["quart (>=0.16.1)", "blinker (>=1.1)"]
rq = ["rq (>=0.6)"]
sanic = ["sanic (>=0.8)"]
sqlalchemy = ["sqlalchemy (>=1.2)"]
tornado = ["tornado (>=5)"]

[[package]]
name = "six"
version = "1.15.0"
description = "Python 2 and 3 compatibility utilities"
category = "main"
optional = false
python-versions = ">=2.7, !=3.0.*, !=3.1.*, !=3.2.*"

[[package]]
name = "smmap"
version = "3.0.4"
description = "A pure Python implementation of a sliding window memory map manager"
category = "main"
optional = false
python-versions = ">=2.7, !=3.0.*, !=3.1.*, !=3.2.*, !=3.3.*"

[[package]]
name = "sniffio"
version = "1.2.0"
description = "Sniff out which async library your code is running under"
category = "main"
optional = false
python-versions = ">=3.5"

[[package]]
name = "soupsieve"
version = "2.0.1"
description = "A modern CSS selector implementation for Beautiful Soup."
category = "main"
optional = false
python-versions = ">=3.5"

[[package]]
name = "stevedore"
version = "3.2.2"
description = "Manage dynamic plugins for Python applications"
category = "dev"
optional = false
python-versions = ">=3.6"

[package.dependencies]
pbr = ">=2.0.0,<2.1.0 || >2.1.0"

[[package]]
name = "typing-extensions"
version = "4.0.1"
description = "Backported and Experimental Type Hints for Python 3.6+"
category = "main"
optional = false
python-versions = ">=3.6"

[[package]]
name = "urllib3"
version = "1.26.5"
description = "HTTP library with thread-safe connection pooling, file post, and more."
category = "main"
optional = false
python-versions = ">=2.7, !=3.0.*, !=3.1.*, !=3.2.*, !=3.3.*, !=3.4.*, <4"

[package.extras]
brotli = ["brotlipy (>=0.6.0)"]
secure = ["pyOpenSSL (>=0.14)", "cryptography (>=1.3.4)", "idna (>=2.0.0)", "certifi", "ipaddress"]
socks = ["PySocks (>=1.5.6,!=1.5.7,<2.0)"]

[[package]]
name = "yarl"
version = "1.5.1"
description = "Yet another URL library"
category = "main"
optional = false
python-versions = ">=3.5"

[package.dependencies]
idna = ">=2.0"
multidict = ">=4.0"

[metadata]
lock-version = "1.1"
python-versions = "^3.8"
content-hash = "d18df7478d5919e4dfc2c4fb7942cb0f34cc6f8cccf53a03e7186e10c00db5cc"

[metadata.files]
aiocontextvars = []
aiohttp = []
anyio = []
async-timeout = []
asyncpg = []
attrs = []
bandit = []
beautifulsoup4 = []
certifi = []
chardet = []
charset-normalizer = []
colorama = []
"discord.py" = []
flake8 = []
flake8-bandit = []
flake8-bugbear = []
flake8-formatter-junit-xml = []
flake8-import-order = []
flake8-polyfill = []
flake8-string-format = []
flake8-tidy-imports = []
flake8-todo = []
gitdb = []
gitpython = []
h11 = []
html2markdown = []
httpcore = []
httpx = []
idna = []
junit-xml = []
mccabe = []
multidict = []
pbr = []
pillow = []
pycodestyle = []
pyflakes = []
python-dateutil = []
pyyaml = []
rfc3986 = []
sentry-sdk = []
six = []
smmap = []
sniffio = []
soupsieve = []
stevedore = []
typing-extensions = []
urllib3 = []
yarl = []
