[[package]]
category = "main"
description = "Async http client/server framework (asyncio)"
name = "aiohttp"
optional = false
python-versions = ">=3.5.3"
version = "3.3.0"

[package.dependencies]
async-timeout = ">=3.0,<4.0"
attrs = ">=17.3.0"
chardet = ">=2.0,<4.0"
idna-ssl = ">=1.0"
multidict = ">=4.0,<5.0"
yarl = ">=1.0,<2.0"

[[package]]
category = "main"
description = "Timeout context manager for asyncio programs"
name = "async-timeout"
optional = false
python-versions = ">=3.5.3"
version = "3.0.1"

[[package]]
category = "main"
description = "An asyncio PosgtreSQL driver"
name = "asyncpg"
optional = false
python-versions = ">=3.5.0"
version = "0.18.3"

[package.extras]
dev = ["Cython (0.29)", "pytest (>=3.6.0)", "Sphinx (>=1.7.0,<1.8.0)", "sphinxcontrib-asyncio (>=0.2.0,<0.3.0)", "sphinx-rtd-theme (>=0.2.0,<0.3.0)", "flake8 (>=3.5.0,<3.6.0)", "uvloop (>=0.8.0)"]
docs = ["Sphinx (>=1.7.0,<1.8.0)", "sphinxcontrib-asyncio (>=0.2.0,<0.3.0)", "sphinx-rtd-theme (>=0.2.0,<0.3.0)"]
test = ["flake8 (>=3.5.0,<3.6.0)", "uvloop (>=0.8.0)"]

[[package]]
category = "main"
description = "Classes Without Boilerplate"
name = "attrs"
optional = false
python-versions = ">=2.7, !=3.0.*, !=3.1.*, !=3.2.*, !=3.3.*"
version = "19.1.0"

[package.extras]
dev = ["coverage", "hypothesis", "pympler", "pytest", "six", "zope.interface", "sphinx", "pre-commit"]
docs = ["sphinx", "zope.interface"]
tests = ["coverage", "hypothesis", "pympler", "pytest", "six", "zope.interface"]

[[package]]
category = "dev"
description = "Security oriented static analyser for python code."
name = "bandit"
optional = false
python-versions = "*"
version = "1.5.1"

[package.dependencies]
GitPython = ">=1.0.1"
PyYAML = ">=3.12"
six = ">=1.10.0"
stevedore = ">=1.20.0"

[[package]]
category = "main"
description = "Python package for providing Mozilla's CA Bundle."
name = "certifi"
optional = false
python-versions = "*"
version = "2019.3.9"

[[package]]
category = "main"
description = "Universal encoding detector for Python 2 and 3"
name = "chardet"
optional = false
python-versions = "*"
version = "3.0.4"

[[package]]
category = "dev"
description = "Composable command line interface toolkit"
name = "click"
optional = false
python-versions = ">=2.7, !=3.0.*, !=3.1.*, !=3.2.*, !=3.3.*"
version = "7.0"

[[package]]
category = "main"
description = "A python wrapper for the Discord API"
name = "discord.py"
optional = false
python-versions = ">=3.5.3"
version = "1.0.0a1785+gb41a29a"

[package.dependencies]
aiohttp = ">=3.3.0,<3.6.0"
websockets = ">=6.0,<7.0"

[package.extras]
docs = ["sphinx (1.7.4)", "sphinxcontrib-asyncio", "sphinxcontrib-websupport"]
voice = ["PyNaCl (1.2.1)"]

[package.source]
reference = "b41a29a8897c5936d022a741e923353c0a26e9e8"
type = "git"
url = "https://github.com/Rapptz/discord.py"
[[package]]
category = "dev"
description = "Dodgy: Searches for dodgy looking lines in Python code"
name = "dodgy"
optional = false
python-versions = "*"
version = "0.1.9"

[[package]]
category = "dev"
description = "A parser for Python dependency files"
name = "dparse"
optional = false
python-versions = "*"
version = "0.4.1"

[package.dependencies]
packaging = "*"
pyyaml = "*"
six = "*"

[package.extras]
pipenv = ["pipenv"]

[[package]]
category = "dev"
description = "the modular source code checker: pep8, pyflakes and co"
name = "flake8"
optional = false
python-versions = ">=2.7, !=3.0.*, !=3.1.*, !=3.2.*, !=3.3.*"
version = "3.6.0"

[package.dependencies]
mccabe = ">=0.6.0,<0.7.0"
pycodestyle = ">=2.4.0,<2.5.0"
pyflakes = ">=2.0.0,<2.1.0"
setuptools = ">=30"

[[package]]
category = "dev"
description = "Automated security testing with bandit and flake8."
name = "flake8-bandit"
optional = false
python-versions = "*"
version = "1.0.2"

[package.dependencies]
bandit = "*"
flake8 = "*"
flake8-polyfill = "*"

[[package]]
category = "dev"
description = "A plugin for flake8 finding likely bugs and design problems in your program. Contains warnings that don't belong in pyflakes and pycodestyle."
name = "flake8-bugbear"
optional = false
python-versions = ">=3.5"
version = "18.8.0"

[package.dependencies]
attrs = "*"
flake8 = ">=3.0.0"

[[package]]
category = "dev"
description = "Flake8 and pylama plugin that checks the ordering of import statements."
name = "flake8-import-order"
optional = false
python-versions = "*"
version = "0.18"

[package.dependencies]
pycodestyle = "*"
setuptools = "*"

[[package]]
category = "dev"
description = "Polyfill package for Flake8 plugins"
name = "flake8-polyfill"
optional = false
python-versions = "*"
version = "1.0.2"

[package.dependencies]
flake8 = "*"

[[package]]
category = "dev"
description = "string format checker, plugin for flake8"
name = "flake8-string-format"
optional = false
python-versions = "*"
version = "0.2.3"

[package.dependencies]
flake8 = "*"

[[package]]
category = "dev"
description = "A flake8 plugin that helps you write tidier imports."
name = "flake8-tidy-imports"
optional = false
python-versions = "*"
version = "1.1.0"

[package.dependencies]
flake8 = "!=3.2.0"

[[package]]
category = "dev"
description = "TODO notes checker, plugin for flake8"
name = "flake8-todo"
optional = false
python-versions = "*"
version = "0.7"

[package.dependencies]
pycodestyle = ">=2.0.0,<3.0.0"

[[package]]
category = "dev"
description = "Git Object Database"
name = "gitdb2"
optional = false
python-versions = ">=2.7, !=3.0.*, !=3.1.*, !=3.2.*, !=3.3.*"
version = "2.0.5"

[package.dependencies]
smmap2 = ">=2.0.0"

[[package]]
category = "dev"
description = "Python Git Library"
name = "gitpython"
optional = false
python-versions = ">=2.7, !=3.0.*, !=3.1.*, !=3.2.*, !=3.3.*"
version = "2.1.11"

[package.dependencies]
gitdb2 = ">=2.0.0"

[[package]]
category = "main"
description = "Internationalized Domain Names in Applications (IDNA)"
name = "idna"
optional = false
python-versions = ">=2.7, !=3.0.*, !=3.1.*, !=3.2.*, !=3.3.*"
version = "2.8"

[[package]]
category = "main"
description = "Patch ssl.match_hostname for Unicode(idna) domains support"
name = "idna-ssl"
optional = false
python-versions = "*"
version = "1.1.0"

[package.dependencies]
idna = ">=2.0"

[[package]]
category = "dev"
description = "McCabe checker, plugin for flake8"
name = "mccabe"
optional = false
python-versions = "*"
version = "0.6.1"

[[package]]
category = "main"
description = "multidict implementation"
name = "multidict"
optional = false
python-versions = ">=3.4.1"
version = "4.5.2"

[[package]]
category = "dev"
description = "Core utilities for Python packages"
name = "packaging"
optional = false
python-versions = ">=2.7, !=3.0.*, !=3.1.*, !=3.2.*, !=3.3.*"
version = "19.0"

[package.dependencies]
pyparsing = ">=2.0.2"
six = "*"

[[package]]
category = "dev"
description = "Python Build Reasonableness"
name = "pbr"
optional = false
python-versions = "*"
version = "5.1.3"

[[package]]
category = "main"
description = "Python Imaging Library (Fork)"
name = "pillow"
optional = false
python-versions = ">=2.7, !=3.0.*, !=3.1.*, !=3.2.*, !=3.3.*"
version = "5.4.1"

[[package]]
category = "dev"
description = "Python style guide checker"
name = "pycodestyle"
optional = false
python-versions = "*"
version = "2.4.0"

[[package]]
category = "dev"
description = "passive checker of Python programs"
name = "pyflakes"
optional = false
python-versions = ">=2.7, !=3.0.*, !=3.1.*, !=3.2.*, !=3.3.*"
version = "2.0.0"

[[package]]
category = "dev"
description = "Python parsing module"
name = "pyparsing"
optional = false
python-versions = "*"
version = "2.3.1"

[[package]]
category = "main"
description = "Extensions to the standard Python datetime module"
name = "python-dateutil"
optional = false
python-versions = ">=2.7, !=3.0.*, !=3.1.*, !=3.2.*"
version = "2.8.0"

[package.dependencies]
six = ">=1.5"

[[package]]
category = "dev"
description = "YAML parser and emitter for Python"
name = "pyyaml"
optional = false
python-versions = "*"
version = "5.1"

[[package]]
category = "dev"
description = "Python HTTP for Humans."
name = "requests"
optional = false
python-versions = ">=2.7, !=3.0.*, !=3.1.*, !=3.2.*, !=3.3.*"
version = "2.21.0"

[package.dependencies]
certifi = ">=2017.4.17"
chardet = ">=3.0.2,<3.1.0"
idna = ">=2.5,<2.9"
urllib3 = ">=1.21.1,<1.25"

[package.extras]
security = ["pyOpenSSL (>=0.14)", "cryptography (>=1.3.4)", "idna (>=2.0.0)"]
socks = ["PySocks (>=1.5.6,<1.5.7 || >1.5.7)", "win-inet-pton"]

[[package]]
category = "dev"
description = "Safety checks your installed dependencies for known security vulnerabilities."
name = "safety"
optional = false
python-versions = "*"
version = "1.8.4"

[package.dependencies]
Click = ">=6.0"
dparse = ">=0.4.1"
packaging = "*"
pip = "*"
requests = "*"

[[package]]
category = "main"
description = "Python client for Sentry (https://getsentry.com)"
name = "sentry-sdk"
optional = false
python-versions = "*"
version = "0.7.7"

[package.dependencies]
certifi = "*"
urllib3 = "*"

[package.extras]
flask = ["flask (>=0.8)", "blinker (>=1.1)"]

[[package]]
category = "main"
description = "Python 2 and 3 compatibility utilities"
name = "six"
optional = false
python-versions = ">=2.6, !=3.0.*, !=3.1.*"
version = "1.12.0"

[[package]]
category = "dev"
description = "A pure Python implementation of a sliding window memory map manager"
name = "smmap2"
optional = false
python-versions = ">=2.7, !=3.0.*, !=3.1.*, !=3.2.*, !=3.3.*"
version = "2.0.5"

[[package]]
category = "dev"
description = "Manage dynamic plugins for Python applications"
name = "stevedore"
optional = false
python-versions = "*"
version = "1.30.1"

[package.dependencies]
pbr = ">=2.0.0,<2.1.0 || >2.1.0"
six = ">=1.10.0"

[[package]]
category = "main"
description = "HTTP library with thread-safe connection pooling, file post, and more."
name = "urllib3"
optional = false
python-versions = ">=2.7, !=3.0.*, !=3.1.*, !=3.2.*, !=3.3.*, <4"
version = "1.24.1"

[package.extras]
secure = ["pyOpenSSL (>=0.14)", "cryptography (>=1.3.4)", "idna (>=2.0.0)", "certifi", "ipaddress"]
socks = ["PySocks (>=1.5.6,<1.5.7 || >1.5.7,<2.0)"]

[[package]]
category = "main"
description = "An implementation of the WebSocket Protocol (RFC 6455 & 7692)"
name = "websockets"
optional = false
python-versions = ">=3.4"
version = "6.0"

[[package]]
category = "main"
description = "Yet another URL library"
name = "yarl"
optional = false
python-versions = ">=3.5.3"
version = "1.3.0"

[package.dependencies]
idna = ">=2.0"
multidict = ">=4.0"

[metadata]
content-hash = "a179b871e7e97f0374cdbb5bd521234d009642b17d93a097ee91c807987d490d"
python-versions = "^3.7"

[metadata.hashes]
aiohttp = ["2293bc184be9eda99ede8afbfc8fe3a8e65fc82f2d5ab94cb5b7714d766bbb2d", "3128d3ef7b575dbb272cdacd4d4c9a7cf67b18899e96260d55ae3a5782d886e7", "4417ab2f296fa57b65a946c28326ef7de345d8e94b429037ce1623c5bc96850e", "5eba807790f45cfc5df935a425aca30c43f35159b94a34b2d2d360fca9406cbb", "85860218fab4e8991f3ed629e0319331e82f7697557bd9eed278fb9f5dba7f29", "899d5253d23e56ea1bff42e6d742f3118d80ceaa993f0cedc9b436feaacd128b", "a05ff430d849095ea4662a833bb790d6ca876ab88305e49fdba445ab1a236b7b", "b4e354f8e29d99c60628ddc5d5d959ac2bd8dcb388808e6ccbca3860b7b59269", "e2960362e0c2f9d48bfdc8e0d084a5bb416817be86c94914bc79e45421471f48"]
async-timeout = ["0c3c816a028d47f659d6ff5c745cb2acf1f966da1fe5c19c77a70282b25f4c5f", "4291ca197d287d274d0b6cb5d6f8f8f82d434ed288f962539ff18cc9012f9ea3"]
asyncpg = ["0677714b26b48d63db728867b812ef365ec3879d2be6fa1c9cf4328503f9a464", "2dee4fb251139f1c1ee4bd9959d516f930f4da37a2f33b07c2b902b837a76666", "378a7ef11ce7b35f11eb816e5252bc1e779119f7583a872233b45a76effac02e", "4539bc2e63600a1ee999086bbb59bf717ab32ea771ac20b5b792a2234633b5fb", "4a779a85302241782bed8ed0f2bcb38544805b3e107b16ee7489c5818d8f4228", "51a3d67a3fa43112b17ec510338723932e1e0611ad99a146acc9960d32210196", "58a5eccaac60fd326e32683226efe1046bfea558fa043360bdd1708e0e812c67", "814343dc2baa489a11521ff9fad68f337a05c9ae0461fdf9f1ec7ac3541c13a9", "84084f7dfed0b2d397a0c2fd7eaf29b01904c74f4320e5fe95ad3042042cf188", "89e727fdba05d90a0156d9d18932fd44a2baa84e90e3368573f432a308ad8fd7", "ab8b9d367e3ef48f35a059642940714a2bda7a7fce8b017b21bfbc4f8fbf8f5f", "c1fe1f0ef848f0f17bf63b90a4c3f446a14e4c899d8531ea988109cc0de014e5", "cc7aa61bf41273ee5d4c11e0e72c0d9340e9c4dbf752464ae2b6816abadaabce", "d5450bdf8631fa1200c08a2e70cab06c2e8c09ef608629908531513444d12858", "fd2d13da29f55c2c71b1acc9d9f107c7a5176fffb3f62ff503f2b300f7ecd74e", "fd35a8082b97d5b97d26bcd1b010fdd65a56311d7a02bf2a7e2c56810b9961a7"]
attrs = ["69c0dbf2ed392de1cb5ec704444b08a5ef81680a61cb899dc08127123af36a79", "f0b870f674851ecbfbbbd364d6b5cbdff9dcedbc7f3f5e18a6891057f21fe399"]
bandit = ["6102b5d6afd9d966df5054e0bdfc2e73a24d0fea400ec25f2e54c134412158d7", "9413facfe9de1e1bd291d525c784e1beb1a55c9916b51dae12979af63a69ba4c"]
certifi = ["59b7658e26ca9c7339e00f8f4636cdfe59d34fa37b9b04f6f9e9926b3cece1a5", "b26104d6835d1f5e49452a26eb2ff87fe7090b89dfcaee5ea2212697e1e1d7ae"]
chardet = ["84ab92ed1c4d4f16916e05906b6b75a6c0fb5db821cc65e70cbd64a3e2a5eaae", "fc323ffcaeaed0e0a02bf4d117757b98aed530d9ed4531e3e15460124c106691"]
click = ["2335065e6395b9e67ca716de5f7526736bfa6ceead690adf616d925bdc622b13", "5b94b49521f6456670fdb30cd82a4eca9412788a93fa6dd6df72c94d5a8ff2d7"]
"discord.py" = []
dodgy = ["65e13cf878d7aff129f1461c13cb5fd1bb6dfe66bb5327e09379c3877763280c"]
dparse = ["00a5fdfa900629e5159bf3600d44905b333f4059a3366f28e0dbd13eeab17b19", "cef95156fa0adedaf042cd42f9990974bec76f25dfeca4dc01f381a243d5aa5b"]
flake8 = ["6a35f5b8761f45c5513e3405f110a86bea57982c3b75b766ce7b65217abe1670", "c01f8a3963b3571a8e6bd7a4063359aff90749e160778e03817cd9b71c9e07d2"]
flake8-bandit = ["a66c7b42af9530d5e988851ccee02958a51a85d46f1f4609ecc3546948f809b8", "f7c3421fd9aebc63689c0693511e16dcad678fd4a0ce624b78ca91ae713eacdc"]
flake8-bugbear = ["07b6e769d7f4e168d590f7088eae40f6ddd9fa4952bed31602def65842682c83", "0ccf56975f4db1d69dc1cf3598c99d768ebf95d0cad27d76087954aa399b515a"]
flake8-import-order = ["9be5ca10d791d458eaa833dd6890ab2db37be80384707b0f76286ddd13c16cbf", "feca2fd0a17611b33b7fa84449939196c2c82764e262486d5c3e143ed77d387b"]
flake8-polyfill = ["12be6a34ee3ab795b19ca73505e7b55826d5f6ad7230d31b18e106400169b9e9", "e44b087597f6da52ec6393a709e7108b2905317d0c0b744cdca6208e670d8eda"]
flake8-string-format = ["68ea72a1a5b75e7018cae44d14f32473c798cf73d75cbaed86c6a9a907b770b2", "774d56103d9242ed968897455ef49b7d6de272000cfa83de5814273a868832f1"]
flake8-tidy-imports = ["5fc28c82bba16abb4f1154dc59a90487f5491fbdb27e658cbee241e8fddc1b91", "c05c9f7dadb5748a04b6fa1c47cb6ae5a8170f03cfb1dca8b37aec58c1ee6d15"]
flake8-todo = ["6e4c5491ff838c06fe5a771b0e95ee15fc005ca57196011011280fc834a85915"]
gitdb2 = ["83361131a1836661a155172932a13c08bda2db3674e4caa32368aa6eb02f38c2", "e3a0141c5f2a3f635c7209d56c496ebe1ad35da82fe4d3ec4aaa36278d70648a"]
gitpython = ["563221e5a44369c6b79172f455584c9ebbb122a13368cc82cb4b5addff788f82", "8237dc5bfd6f1366abeee5624111b9d6879393d84745a507de0fda86043b65a8"]
idna = ["c357b3f628cf53ae2c4c05627ecc484553142ca23264e593d327bcde5e9c3407", "ea8b7f6188e6fa117537c3df7da9fc686d485087abf6ac197f9c46432f7e4a3c"]
idna-ssl = ["a933e3bb13da54383f9e8f35dc4f9cb9eb9b3b78c6b36f311254d6d0d92c6c7c"]
mccabe = ["ab8a6258860da4b6677da4bd2fe5dc2c659cff31b3ee4f7f5d64e79735b80d42", "dd8d182285a0fe56bace7f45b5e7d1a6ebcbf524e8f3bd87eb0f125271b8831f"]
multidict = ["024b8129695a952ebd93373e45b5d341dbb87c17ce49637b34000093f243dd4f", "041e9442b11409be5e4fc8b6a97e4bcead758ab1e11768d1e69160bdde18acc3", "045b4dd0e5f6121e6f314d81759abd2c257db4634260abcfe0d3f7083c4908ef", "047c0a04e382ef8bd74b0de01407e8d8632d7d1b4db6f2561106af812a68741b", "068167c2d7bbeebd359665ac4fff756be5ffac9cda02375b5c5a7c4777038e73", "148ff60e0fffa2f5fad2eb25aae7bef23d8f3b8bdaf947a65cdbe84a978092bc", "1d1c77013a259971a72ddaa83b9f42c80a93ff12df6a4723be99d858fa30bee3", "1d48bc124a6b7a55006d97917f695effa9725d05abe8ee78fd60d6588b8344cd", "31dfa2fc323097f8ad7acd41aa38d7c614dd1960ac6681745b6da124093dc351", "34f82db7f80c49f38b032c5abb605c458bac997a6c3142e0d6c130be6fb2b941", "3d5dd8e5998fb4ace04789d1d008e2bb532de501218519d70bb672c4c5a2fc5d", "4a6ae52bd3ee41ee0f3acf4c60ceb3f44e0e3bc52ab7da1c2b2aa6703363a3d1", "4b02a3b2a2f01d0490dd39321c74273fed0568568ea0e7ea23e02bd1fb10a10b", "4b843f8e1dd6a3195679d9838eb4670222e8b8d01bc36c9894d6c3538316fa0a", "5de53a28f40ef3c4fd57aeab6b590c2c663de87a5af76136ced519923d3efbb3", "61b2b33ede821b94fa99ce0b09c9ece049c7067a33b279f343adfe35108a4ea7", "6a3a9b0f45fd75dc05d8e93dc21b18fc1670135ec9544d1ad4acbcf6b86781d0", "76ad8e4c69dadbb31bad17c16baee61c0d1a4a73bed2590b741b2e1a46d3edd0", "7ba19b777dc00194d1b473180d4ca89a054dd18de27d0ee2e42a103ec9b7d014", "7c1b7eab7a49aa96f3db1f716f0113a8a2e93c7375dd3d5d21c4941f1405c9c5", "7fc0eee3046041387cbace9314926aa48b681202f8897f8bff3809967a049036", "8ccd1c5fff1aa1427100ce188557fc31f1e0a383ad8ec42c559aabd4ff08802d", "8e08dd76de80539d613654915a2f5196dbccc67448df291e69a88712ea21e24a", "c18498c50c59263841862ea0501da9f2b3659c00db54abfbf823a80787fde8ce", "c49db89d602c24928e68c0d510f4fcf8989d77defd01c973d6cbe27e684833b1", "ce20044d0317649ddbb4e54dab3c1bcc7483c78c27d3f58ab3d0c7e6bc60d26a", "d1071414dd06ca2eafa90c85a079169bfeb0e5f57fd0b45d44c092546fcd6fd9", "d3be11ac43ab1a3e979dac80843b42226d5d3cccd3986f2e03152720a4297cd7", "db603a1c235d110c860d5f39988ebc8218ee028f07a7cbc056ba6424372ca31b"]
packaging = ["0c98a5d0be38ed775798ece1b9727178c4469d9c3b4ada66e8e6b7849f8732af", "9e1cbf8c12b1f1ce0bb5344b8d7ecf66a6f8a6e91bcb0c84593ed6d3ab5c4ab3"]
pbr = ["8257baf496c8522437e8a6cfe0f15e00aedc6c0e0e7c9d55eeeeab31e0853843", "8c361cc353d988e4f5b998555c88098b9d5964c2e11acf7b0d21925a66bb5824"]
pillow = ["01a501be4ae05fd714d269cb9c9f145518e58e73faa3f140ddb67fae0c2607b1", "051de330a06c99d6f84bcf582960487835bcae3fc99365185dc2d4f65a390c0e", "07c35919f983c2c593498edcc126ad3a94154184899297cc9d27a6587672cbaa", "0ae5289948c5e0a16574750021bd8be921c27d4e3527800dc9c2c1d2abc81bf7", "0b1efce03619cdbf8bcc61cfae81fcda59249a469f31c6735ea59badd4a6f58a", "0cf0208500df8d0c3cad6383cd98a2d038b0678fd4f777a8f7e442c5faeee81d", "163136e09bd1d6c6c6026b0a662976e86c58b932b964f255ff384ecc8c3cefa3", "18e912a6ccddf28defa196bd2021fe33600cbe5da1aa2f2e2c6df15f720b73d1", "24ec3dea52339a610d34401d2d53d0fb3c7fd08e34b20c95d2ad3973193591f1", "267f8e4c0a1d7e36e97c6a604f5b03ef58e2b81c1becb4fccecddcb37e063cc7", "3273a28734175feebbe4d0a4cde04d4ed20f620b9b506d26f44379d3c72304e1", "39fbd5d62167197318a0371b2a9c699ce261b6800bb493eadde2ba30d868fe8c", "4132c78200372045bb348fcad8d52518c8f5cfc077b1089949381ee4a61f1c6d", "4baab2d2da57b0d9d544a2ce0f461374dd90ccbcf723fe46689aff906d43a964", "4c678e23006798fc8b6f4cef2eaad267d53ff4c1779bd1af8725cc11b72a63f3", "4d4bc2e6bb6861103ea4655d6b6f67af8e5336e7216e20fff3e18ffa95d7a055", "505738076350a337c1740a31646e1de09a164c62c07db3b996abdc0f9d2e50cf", "5233664eadfa342c639b9b9977190d64ad7aca4edc51a966394d7e08e7f38a9f", "52e2e56fc3706d8791761a157115dc8391319720ad60cc32992350fda74b6be2", "5337ac3280312aa065ed0a8ec1e4b6142e9f15c31baed36b5cd964745853243f", "5ccd97e0f01f42b7e35907272f0f8ad2c3660a482d799a0c564c7d50e83604d4", "5d95cb9f6cced2628f3e4de7e795e98b2659dfcc7176ab4a01a8b48c2c2f488f", "634209852cc06c0c1243cc74f8fdc8f7444d866221de51125f7b696d775ec5ca", "75d1f20bd8072eff92c5f457c266a61619a02d03ece56544195c56d41a1a0522", "7eda4c737637af74bac4b23aa82ea6fbb19002552be85f0b89bc27e3a762d239", "801ddaa69659b36abf4694fed5aa9f61d1ecf2daaa6c92541bbbbb775d97b9fe", "825aa6d222ce2c2b90d34a0ea31914e141a85edefc07e17342f1d2fdf121c07c", "87fe838f9dac0597f05f2605c0700b1926f9390c95df6af45d83141e0c514bd9", "9c215442ff8249d41ff58700e91ef61d74f47dfd431a50253e1a1ca9436b0697", "a3d90022f2202bbb14da991f26ca7a30b7e4c62bf0f8bf9825603b22d7e87494", "a631fd36a9823638fe700d9225f9698fb59d049c942d322d4c09544dc2115356", "a6523a23a205be0fe664b6b8747a5c86d55da960d9586db039eec9f5c269c0e6", "a756ecf9f4b9b3ed49a680a649af45a8767ad038de39e6c030919c2f443eb000", "ac036b6a6bac7010c58e643d78c234c2f7dc8bb7e591bd8bc3555cf4b1527c28", "b117287a5bdc81f1bac891187275ec7e829e961b8032c9e5ff38b70fd036c78f", "ba04f57d1715ca5ff74bb7f8a818bf929a204b3b3c2c2826d1e1cc3b1c13398c", "ba6ef2bd62671c7fb9cdb3277414e87a5cd38b86721039ada1464f7452ad30b2", "c8939dba1a37960a502b1a030a4465c46dd2c2bca7adf05fa3af6bea594e720e", "cd878195166723f30865e05d87cbaf9421614501a4bd48792c5ed28f90fd36ca", "cee815cc62d136e96cf76771b9d3eb58e0777ec18ea50de5cfcede8a7c429aa8", "d1722b7aa4b40cf93ac3c80d3edd48bf93b9208241d166a14ad8e7a20ee1d4f3", "d7c1c06246b05529f9984435fc4fa5a545ea26606e7f450bdbe00c153f5aeaad", "db418635ea20528f247203bf131b40636f77c8209a045b89fa3badb89e1fcea0", "e1555d4fda1db8005de72acf2ded1af660febad09b4708430091159e8ae1963e", "e9c8066249c040efdda84793a2a669076f92a301ceabe69202446abb4c5c5ef9", "e9f13711780c981d6eadd6042af40e172548c54b06266a1aabda7de192db0838", "f0e3288b92ca5dbb1649bd00e80ef652a72b657dc94989fa9c348253d179054b", "f227d7e574d050ff3996049e086e1f18c7bd2d067ef24131e50a1d3fe5831fbc", "f62b1aeb5c2ced8babd4fbba9c74cbef9de309f5ed106184b12d9778a3971f15", "f71ff657e63a9b24cac254bb8c9bd3c89c7a1b5e00ee4b3997ca1c18100dac28", "fc9a12aad714af36cf3ad0275a96a733526571e52710319855628f476dcb144e"]
pycodestyle = ["74abc4e221d393ea5ce1f129ea6903209940c1ecd29e002e8c6933c2b21026e0", "cbc619d09254895b0d12c2c691e237b2e91e9b2ecf5e84c26b35400f93dcfb83", "cbfca99bd594a10f674d0cd97a3d802a1fdef635d4361e1a2658de47ed261e3a"]
pyflakes = ["9a7662ec724d0120012f6e29d6248ae3727d821bba522a0e6b356eff19126a49", "f661252913bc1dbe7fcfcbf0af0db3f42ab65aabd1a6ca68fe5d466bace94dae"]
pyparsing = ["66c9268862641abcac4a96ba74506e594c884e3f57690a696d21ad8210ed667a", "f6c5ef0d7480ad048c054c37632c67fca55299990fff127850181659eea33fc3"]
python-dateutil = ["7e6584c74aeed623791615e26efd690f29817a27c73085b78e4bad02493df2fb", "c89805f6f4d64db21ed966fda138f8a5ed7a4fdbc1a8ee329ce1b74e3c74da9e"]
pyyaml = ["1adecc22f88d38052fb787d959f003811ca858b799590a5eaa70e63dca50308c", "436bc774ecf7c103814098159fbb84c2715d25980175292c648f2da143909f95", "460a5a4248763f6f37ea225d19d5c205677d8d525f6a83357ca622ed541830c2", "5a22a9c84653debfbf198d02fe592c176ea548cccce47553f35f466e15cf2fd4", "7a5d3f26b89d688db27822343dfa25c599627bc92093e788956372285c6298ad", "9372b04a02080752d9e6f990179a4ab840227c6e2ce15b95e1278456664cf2ba", "a5dcbebee834eaddf3fa7366316b880ff4062e4bcc9787b78c7fbb4a26ff2dd1", "aee5bab92a176e7cd034e57f46e9df9a9862a71f8f37cad167c6fc74c65f5b4e", "c51f642898c0bacd335fc119da60baae0824f2cde95b0330b56c0553439f0673", "c68ea4d3ba1705da1e0d85da6684ac657912679a649e8868bd850d2c299cce13", "e23d0cc5299223dcc37885dae624f382297717e459ea24053709675a976a3e19"]
requests = ["502a824f31acdacb3a35b6690b5fbf0bc41d63a24a45c4004352b0242707598e", "7bf2a778576d825600030a110f3c0e3e8edc51dfaafe1c146e39a2027784957b"]
safety = ["399511524f47230d5867f1eb75548f9feefb7a2711a4985cb5be0e034f87040f", "69b970918324865dcd7b92337e07152a0ea1ceecaf92f4d3b38529ee0ca83441"]
sentry-sdk = ["4250f4d2114d1f45d8a94f2f078016b7d8ffc6f57f42db7f20dccd7692bc804c", "c5a41eba2d27416c81c901fe86de887e356aec4df7afd3327c324b2b3db7e934"]
six = ["3350809f0555b11f552448330d0b52d5f24c91a322ea4a15ef22629740f3761c", "d16a0141ec1a18405cd4ce8b4613101da75da0e9a7aec5bdd4fa804d0e0eba73"]
smmap2 = ["0555a7bf4df71d1ef4218e4807bbf9b201f910174e6e08af2e138d4e517b4dde", "29a9ffa0497e7f2be94ca0ed1ca1aa3cd4cf25a1f6b4f5f87f74b46ed91d609a"]
stevedore = ["7be098ff53d87f23d798a7ce7ae5c31f094f3deb92ba18059b1aeb1ca9fec0a0", "7d1ce610a87d26f53c087da61f06f9b7f7e552efad2a7f6d2322632b5f932ea2"]
urllib3 = ["61bf29cada3fc2fbefad4fdf059ea4bd1b4a86d2b6d15e1c7c0b582b9752fe39", "de9529817c93f27c8ccbfead6985011db27bd0ddfcdb2d86f3f663385c6a9c22"]
websockets = ["0e2f7d6567838369af074f0ef4d0b802d19fa1fee135d864acc656ceefa33136", "2a16dac282b2fdae75178d0ed3d5b9bc3258dabfae50196cbb30578d84b6f6a6", "5a1fa6072405648cb5b3688e9ed3b94be683ce4a4e5723e6f5d34859dee495c1", "5c1f55a1274df9d6a37553fef8cff2958515438c58920897675c9bc70f5a0538", "669d1e46f165e0ad152ed8197f7edead22854a6c90419f544e0f234cc9dac6c4", "695e34c4dbea18d09ab2c258994a8bf6a09564e762655408241f6a14592d2908", "6b2e03d69afa8d20253455e67b64de1a82ff8612db105113cccec35d3f8429f0", "79ca7cdda7ad4e3663ea3c43bfa8637fc5d5604c7737f19a8964781abbd1148d", "7fd2dd9a856f72e6ed06f82facfce01d119b88457cd4b47b7ae501e8e11eba9c", "82c0354ac39379d836719a77ee360ef865377aa6fdead87909d50248d0f05f4d", "8f3b956d11c5b301206382726210dc1d3bee1a9ccf7aadf895aaf31f71c3716c", "91ec98640220ae05b34b79ee88abf27f97ef7c61cf525eec57ea8fcea9f7dddb", "952be9540d83dba815569d5cb5f31708801e0bbfc3a8c5aef1890b57ed7e58bf", "99ac266af38ba1b1fe13975aea01ac0e14bb5f3a3200d2c69f05385768b8568e", "9fa122e7adb24232247f8a89f2d9070bf64b7869daf93ac5e19546b409e47e96", "a0873eadc4b8ca93e2e848d490809e0123eea154aa44ecd0109c4d0171869584", "cb998bd4d93af46b8b49ecf5a72c0a98e5cc6d57fdca6527ba78ad89d6606484", "e02e57346f6a68523e3c43bbdf35dde5c440318d1f827208ae455f6a2ace446d", "e79a5a896bcee7fff24a788d72e5c69f13e61369d055f28113e71945a7eb1559", "ee55eb6bcf23ecc975e6b47c127c201b913598f38b6a300075f84eeef2d3baff", "f1414e6cbcea8d22843e7eafdfdfae3dd1aba41d1945f6ca66e4806c07c4f454"]
yarl = ["024ecdc12bc02b321bc66b41327f930d1c2c543fa9a561b39861da9388ba7aa9", "2f3010703295fbe1aec51023740871e64bb9664c789cba5a6bdf404e93f7568f", "3890ab952d508523ef4881457c4099056546593fa05e93da84c7250516e632eb", "3e2724eb9af5dc41648e5bb304fcf4891adc33258c6e14e2a7414ea32541e320", "5badb97dd0abf26623a9982cd448ff12cb39b8e4c94032ccdedf22ce01a64842", "73f447d11b530d860ca1e6b582f947688286ad16ca42256413083d13f260b7a0", "7ab825726f2940c16d92aaec7d204cfc34ac26c0040da727cf8ba87255a33829", "b25de84a8c20540531526dfbb0e2d2b648c13fd5dd126728c496d7c3fea33310", "c6e341f5a6562af74ba55205dbd56d248daf1b5748ec48a0200ba227bb9e33f4", "c9bb7c249c4432cd47e75af3864bc02d26c9594f49c82e2a28624417f0ae63b8", "e060906c0c585565c718d1c3841747b61c5439af2211e185f6739a9412dfbde1"]
